<?xml version="1.0" encoding="utf-8"?>
<Project ToolsVersion="4.0" xmlns="http://schemas.microsoft.com/developer/msbuild/2003">
  <ItemGroup>
    <Filter Include="Source Files">
      <UniqueIdentifier>{4FC737F1-C7A5-4376-A066-2A32D752A2FF}</UniqueIdentifier>
      <Extensions>qml;cpp;c;cc;cxx;def;odl;idl;hpj;bat;asm;asmx</Extensions>
    </Filter>
    <Filter Include="Header Files">
      <UniqueIdentifier>{93995380-89BD-4b04-88EB-625FBE52EBFB}</UniqueIdentifier>
      <Extensions>h;hh;hpp;hxx;hm;inl;inc;xsd</Extensions>
    </Filter>
    <Filter Include="Resource Files">
      <UniqueIdentifier>{67DA6AB6-F800-4c08-8B7A-83BB121AAD01}</UniqueIdentifier>
      <Extensions>qrc;rc;ico;cur;bmp;dlg;rc2;rct;bin;rgs;gif;jpg;jpeg;jpe;resx;tiff;tif;png;wav;mfcribbon-ms</Extensions>
    </Filter>
    <Filter Include="Form Files">
      <UniqueIdentifier>{99349809-55BA-4b9d-BF79-8FDBB0286EB3}</UniqueIdentifier>
      <Extensions>ui</Extensions>
    </Filter>
    <Filter Include="Translation Files">
      <UniqueIdentifier>{639EADAA-A684-42e4-A9AD-28FC9BCB8F7C}</UniqueIdentifier>
      <Extensions>ts</Extensions>
    </Filter>
    <Filter Include="Интерфейс">
      <UniqueIdentifier>{22f49d28-f839-478d-bfc6-dd26e3b6d341}</UniqueIdentifier>
    </Filter>
    <Filter Include="Модули">
      <UniqueIdentifier>{c26e543b-e811-4d7e-9425-509c494ef94d}</UniqueIdentifier>
    </Filter>
    <Filter Include="Интерфейс\Окна">
      <UniqueIdentifier>{6de02703-3a75-4dd1-a34d-78f1e599531f}</UniqueIdentifier>
    </Filter>
    <Filter Include="String processing">
      <UniqueIdentifier>{ad2912a0-ef3b-4849-8164-79953f4ac377}</UniqueIdentifier>
    </Filter>
    <Filter Include="Utils">
      <UniqueIdentifier>{a30fbaed-059a-49cd-9881-99ef8ad3c88a}</UniqueIdentifier>
    </Filter>
    <Filter Include="Документация">
      <UniqueIdentifier>{e53ec79e-b5c4-45ea-8b52-a957effde680}</UniqueIdentifier>
    </Filter>
    <Filter Include="Интерфейс\Окна\Вкладки">
      <UniqueIdentifier>{2ee28039-f1c2-46c8-a410-2c650dcda18d}</UniqueIdentifier>
    </Filter>
    <Filter Include="Модули\Динамический перевод">
      <UniqueIdentifier>{1f78ec36-b6da-4ba8-888e-8885cdcaf7a4}</UniqueIdentifier>
    </Filter>
    <Filter Include="Resource Files\Иконки док панели">
      <UniqueIdentifier>{32ade865-8d36-46ba-9dbc-7217fc5cd2d0}</UniqueIdentifier>
    </Filter>
  </ItemGroup>
  <ItemGroup>
    <QtMoc Include="LiteMD.h">
      <Filter>Header Files</Filter>
    </QtMoc>
    <ClCompile Include="LiteMD.cpp">
      <Filter>Source Files</Filter>
    </ClCompile>
    <QtMoc Include="modules\frameChangelog.h">
      <Filter>Модули</Filter>
    </QtMoc>
  </ItemGroup>
  <ItemGroup>
    <ClCompile Include="main.cpp">
      <Filter>Source Files</Filter>
    </ClCompile>
    <ClCompile Include="modules\Downloader.cpp">
      <Filter>Модули</Filter>
    </ClCompile>
    <ClCompile Include="modules\GuiDownloader.cpp">
      <Filter>Модули</Filter>
    </ClCompile>
    <ClCompile Include="ui_primitives\OrientalPushButton.cpp">
      <Filter>Интерфейс</Filter>
    </ClCompile>
    <ClCompile Include="window_widgets\mdEditor.cpp">
      <Filter>Source Files</Filter>
    </ClCompile>
    <ClCompile Include="window_widgets\mdScreen.cpp">
      <Filter>Source Files</Filter>
    </ClCompile>
    <ClCompile Include="window_widgets\appSettings.cpp">
      <Filter>Интерфейс\Окна</Filter>
    </ClCompile>
    <ClCompile Include="ui_primitives\dialogBoxes.cpp">
      <Filter>Интерфейс</Filter>
    </ClCompile>
    <ClCompile Include="string_processing\syntax_preprocessor.cpp">
      <Filter>String processing</Filter>
    </ClCompile>
    <ClCompile Include="string_processing\syntax_postprocessor.cpp">
      <Filter>String processing</Filter>
    </ClCompile>
    <ClCompile Include="utls\globalFlags.c">
      <Filter>Utils</Filter>
    </ClCompile>
    <ClCompile Include="settings_tabs\tab_basic.cpp">
      <Filter>Интерфейс\Окна\Вкладки</Filter>
    </ClCompile>
    <ClCompile Include="dyn_tr_manager\appSettings_ui.cpp">
      <Filter>Модули\Динамический перевод</Filter>
    </ClCompile>
    <ClCompile Include="dyn_tr_manager\ui_update_event.cpp">
      <Filter>Utils</Filter>
    </ClCompile>
    <ClCompile Include="dyn_tr_manager\LiteMD_ui.cpp">
      <Filter>Модули\Динамический перевод</Filter>
    </ClCompile>
    <ClCompile Include="dyn_tr_manager\GuiDownloader_ui.cpp">
      <Filter>Модули\Динамический перевод</Filter>
    </ClCompile>
    <ClCompile Include="settings_tabs\tab_render.cpp">
      <Filter>Интерфейс\Окна\Вкладки</Filter>
    </ClCompile>
    <ClCompile Include="settings_tabs\tab_downloader.cpp">
      <Filter>Интерфейс\Окна\Вкладки</Filter>
    </ClCompile>
    <ClCompile Include="utls\xmlReader.cpp">
      <Filter>Utils</Filter>
    </ClCompile>
    <ClCompile Include="utls\xmlWriter.cpp">
      <Filter>Utils</Filter>
    </ClCompile>
    <ClCompile Include="modules\frameChangelog.cpp">
      <Filter>Модули</Filter>
    </ClCompile>
    <ClCompile Include="dyn_tr_manager\frameChangelog_ui.cpp">
      <Filter>Модули\Динамический перевод</Filter>
    </ClCompile>
  </ItemGroup>
  <ItemGroup>
    <QtMoc Include="modules\Downloader.h">
      <Filter>Модули</Filter>
    </QtMoc>
    <QtMoc Include="modules\GuiDownloader.h">
      <Filter>Модули</Filter>
    </QtMoc>
    <QtMoc Include="ui_primitives\OrientalPushButton.h">
      <Filter>Интерфейс</Filter>
    </QtMoc>
    <QtMoc Include="window_widgets\mdEditor.h">
      <Filter>Header Files</Filter>
    </QtMoc>
    <QtMoc Include="window_widgets\mdScreen.h">
      <Filter>Header Files</Filter>
    </QtMoc>
    <QtMoc Include="window_widgets\appSettings.h">
      <Filter>Интерфейс\Окна</Filter>
    </QtMoc>
  </ItemGroup>
  <ItemGroup>
    <Image Include="ress\appicon.ico">
      <Filter>Resource Files</Filter>
    </Image>
    <Image Include="icon.ico">
      <Filter>Resource Files</Filter>
    </Image>
    <Image Include="ress\work_progress_cap.png">
      <Filter>Resource Files</Filter>
    </Image>
    <Image Include="ress\icon_about.png">
      <Filter>Resource Files\Иконки док панели</Filter>
    </Image>
    <Image Include="ress\icon_help.png">
      <Filter>Resource Files\Иконки док панели</Filter>
    </Image>
    <Image Include="ress\icon_http_downloader.png">
      <Filter>Resource Files\Иконки док панели</Filter>
    </Image>
    <Image Include="ress\icon_new_document.png">
      <Filter>Resource Files\Иконки док панели</Filter>
    </Image>
    <Image Include="ress\icon_open_document.png">
      <Filter>Resource Files\Иконки док панели</Filter>
    </Image>
    <Image Include="ress\icon_place_url.png">
      <Filter>Resource Files\Иконки док панели</Filter>
    </Image>
    <Image Include="ress\icon_place_url_alternate.png">
      <Filter>Resource Files\Иконки док панели</Filter>
    </Image>
    <Image Include="ress\icon_save.png">
      <Filter>Resource Files\Иконки док панели</Filter>
    </Image>
    <Image Include="ress\icon_save_as.png">
      <Filter>Resource Files\Иконки док панели</Filter>
    </Image>
    <Image Include="ress\icon_set_text_format.png">
      <Filter>Resource Files\Иконки док панели</Filter>
    </Image>
    <Image Include="ress\icon_settings.png">
      <Filter>Resource Files\Иконки док панели</Filter>
    </Image>
    <Image Include="ress\icon_quit.png">
      <Filter>Resource Files\Иконки док панели</Filter>
    </Image>
    <Image Include="ress\icon_recent_files.png">
      <Filter>Resource Files\Иконки док панели</Filter>
    </Image>
  </ItemGroup>
  <ItemGroup>
    <ResourceCompile Include="ress\buildInfo.rc">
      <Filter>Resource Files</Filter>
    </ResourceCompile>
    <ResourceCompile Include="ress\icon.rc">
      <Filter>Resource Files</Filter>
    </ResourceCompile>
  </ItemGroup>
  <ItemGroup>
    <QtTranslation Include="loc\LiteMD_en.ts">
      <Filter>Translation Files</Filter>
    </QtTranslation>
    <QtTranslation Include="loc\LiteMD_ru.ts">
      <Filter>Translation Files</Filter>
    </QtTranslation>
    <QtTranslation Include="loc\LiteMD_ru_UA.ts">
      <Filter>Translation Files</Filter>
    </QtTranslation>
  </ItemGroup>
  <ItemGroup>
    <ClInclude Include="ress\resource1.h">
      <Filter>Resource Files</Filter>
    </ClInclude>
    <ClInclude Include="ress\resource.h">
      <Filter>Resource Files</Filter>
    </ClInclude>
    <ClInclude Include="ui_primitives\dialogBoxes.h">
      <Filter>Интерфейс</Filter>
    </ClInclude>
    <ClInclude Include="string_processing\syntax_preprocessor.h">
      <Filter>String processing</Filter>
    </ClInclude>
    <ClInclude Include="string_processing\syntax_postprocessor.h">
      <Filter>String processing</Filter>
    </ClInclude>
    <ClInclude Include="utls\globalFlags.h">
      <Filter>Utils</Filter>
    </ClInclude>
    <ClInclude Include="dyn_tr_manager\ui_update_event.h">
      <Filter>Utils</Filter>
    </ClInclude>
    <ClInclude Include="utls\global_definitions.h">
      <Filter>Utils</Filter>
    </ClInclude>
    <ClInclude Include="utls\event_id_constructor.h">
      <Filter>Utils</Filter>
    </ClInclude>
    <ClInclude Include="utls\xmlReader.h">
      <Filter>Utils</Filter>
    </ClInclude>
    <ClInclude Include="utls\xmlWriter.h">
      <Filter>Utils</Filter>
    </ClInclude>
  </ItemGroup>
  <ItemGroup>
    <None Include="Readme.md" />
    <None Include="docs\Changelog.md">
      <Filter>Документация</Filter>
    </None>
    <None Include="docs\Current_ver.md">
      <Filter>Документация</Filter>
    </None>
    <None Include="docs\Manual.md">
      <Filter>Документация</Filter>
    </None>
  </ItemGroup>
</Project>