
Microsoft Visual Studio Solution File, Format Version 12.00
# Visual Studio Version 16
VisualStudioVersion = 16.0.34301.259
MinimumVisualStudioVersion = 10.0.40219.1
Project("{8BC9CEB8-8B4A-11D0-8D11-00A0C91BC942}") = "LiteMD", "LiteMD\LiteMD.vcxproj", "{DACC88FF-7485-4415-BBD6-6C6A06EDAF47}"
EndProject
Project("{8BC9CEB8-8B4A-11D0-8D11-00A0C91BC942}") = "qmicroz", "qmicroz-0.3\qmicroz.vcxproj", "{66D30EAB-F610-3D6A-B926-226330CFE8DD}"
EndProject
Global
	GlobalSection(SolutionConfigurationPlatforms) = preSolution
		Debug|ARM = Debug|ARM
		Debug|Win32 = Debug|Win32
		Debug|x64 = Debug|x64
		Debug|x86 = Debug|x86
		Release|ARM = Release|ARM
		Release|Win32 = Release|Win32
		Release|x64 = Release|x64
		Release|x86 = Release|x86
	EndGlobalSection
	GlobalSection(ProjectConfigurationPlatforms) = postSolution
		{DACC88FF-7485-4415-BBD6-6C6A06EDAF47}.Debug|ARM.ActiveCfg = Debug|Win32
		{DACC88FF-7485-4415-BBD6-6C6A06EDAF47}.Debug|ARM.Build.0 = Debug|Win32
		{DACC88FF-7485-4415-BBD6-6C6A06EDAF47}.Debug|Win32.ActiveCfg = Debug|Win32
		{DACC88FF-7485-4415-BBD6-6C6A06EDAF47}.Debug|Win32.Build.0 = Debug|Win32
		{DACC88FF-7485-4415-BBD6-6C6A06EDAF47}.Debug|x64.ActiveCfg = Debug|x64
		{DACC88FF-7485-4415-BBD6-6C6A06EDAF47}.Debug|x64.Build.0 = Debug|x64
		{DACC88FF-7485-4415-BBD6-6C6A06EDAF47}.Debug|x86.ActiveCfg = Debug|Win32
		{DACC88FF-7485-4415-BBD6-6C6A06EDAF47}.Debug|x86.Build.0 = Debug|Win32
		{DACC88FF-7485-4415-BBD6-6C6A06EDAF47}.Release|ARM.ActiveCfg = Release|Win32
		{DACC88FF-7485-4415-BBD6-6C6A06EDAF47}.Release|Win32.ActiveCfg = Release|Win32
		{DACC88FF-7485-4415-BBD6-6C6A06EDAF47}.Release|Win32.Build.0 = Release|Win32
		{DACC88FF-7485-4415-BBD6-6C6A06EDAF47}.Release|x64.ActiveCfg = Release|x64
		{DACC88FF-7485-4415-BBD6-6C6A06EDAF47}.Release|x64.Build.0 = Release|x64
		{DACC88FF-7485-4415-BBD6-6C6A06EDAF47}.Release|x86.ActiveCfg = Release|Win32
		{DACC88FF-7485-4415-BBD6-6C6A06EDAF47}.Release|x86.Build.0 = Release|Win32
		{66D30EAB-F610-3D6A-B926-226330CFE8DD}.Debug|ARM.ActiveCfg = Debug|Win32
		{66D30EAB-F610-3D6A-B926-226330CFE8DD}.Debug|ARM.Build.0 = Debug|Win32
		{66D30EAB-F610-3D6A-B926-226330CFE8DD}.Debug|Win32.ActiveCfg = Debug|ARM
		{66D30EAB-F610-3D6A-B926-226330CFE8DD}.Debug|x64.ActiveCfg = Debug|x64
		{66D30EAB-F610-3D6A-B926-226330CFE8DD}.Debug|x86.ActiveCfg = Debug|Win32
		{66D30EAB-F610-3D6A-B926-226330CFE8DD}.Debug|x86.Build.0 = Debug|Win32
		{66D30EAB-F610-3D6A-B926-226330CFE8DD}.Release|ARM.ActiveCfg = Release|ARM
		{66D30EAB-F610-3D6A-B926-226330CFE8DD}.Release|ARM.Build.0 = Release|ARM
		{66D30EAB-F610-3D6A-B926-226330CFE8DD}.Release|Win32.ActiveCfg = Release|ARM
		{66D30EAB-F610-3D6A-B926-226330CFE8DD}.Release|x64.ActiveCfg = Release|ARM
		{66D30EAB-F610-3D6A-B926-226330CFE8DD}.Release|x86.ActiveCfg = Release|ARM
	EndGlobalSection
	GlobalSection(SolutionProperties) = preSolution
		HideSolutionNode = FALSE
	EndGlobalSection
	GlobalSection(ExtensibilityGlobals) = postSolution
		SolutionGuid = {9FBCFC39-0709-4880-98EB-4BCC01B02FE2}
	EndGlobalSection
EndGlobal
