
Microsoft Visual Studio Solution File, Format Version 12.00
# Visual Studio Version 17
VisualStudioVersion = 17.8.34330.188
MinimumVisualStudioVersion = 10.0.40219.1
Project("{8BC9CEB8-8B4A-11D0-8D11-00A0C91BC942}") = "LiteMD", "LiteMD\LiteMD.vcxproj", "{DACC88FF-7485-4415-BBD6-6C6A06EDAF47}"
	ProjectSection(ProjectDependencies) = postProject
		{9DE39547-DF87-30C3-8A8D-6F8B0E82C1DE} = {9DE39547-DF87-30C3-8A8D-6F8B0E82C1DE}
	EndProjectSection
EndProject
Project("{8BC9CEB8-8B4A-11D0-8D11-00A0C91BC942}") = "qmicroz", "qmicroz\qmicroz.vcxproj", "{9DE39547-DF87-30C3-8A8D-6F8B0E82C1DE}"
EndProject
Project("{8BC9CEB8-8B4A-11D0-8D11-00A0C91BC942}") = "ZERO_CHECK", "qmicroz\ZERO_CHECK.vcxproj", "{FEFD5547-2389-3124-9173-1880BD8207B3}"
EndProject
Project("{8BC9CEB8-8B4A-11D0-8D11-00A0C91BC942}") = "ALL_BUILD", "qmicroz\ALL_BUILD.vcxproj", "{A2F7F500-E44E-32CE-8116-48C9518D893C}"
EndProject
Global
	GlobalSection(SolutionConfigurationPlatforms) = preSolution
		Debug|ARM = Debug|ARM
		Debug|Win32 = Debug|Win32
		Debug|x64 = Debug|x64
		Debug|x86 = Debug|x86
		Release|ARM = Release|ARM
		Release|Win32 = Release|Win32
		Release|x64 = Release|x64
		Release|x86 = Release|x86
	EndGlobalSection
	GlobalSection(ProjectConfigurationPlatforms) = postSolution
		{DACC88FF-7485-4415-BBD6-6C6A06EDAF47}.Debug|ARM.ActiveCfg = Debug|Win32
		{DACC88FF-7485-4415-BBD6-6C6A06EDAF47}.Debug|ARM.Build.0 = Debug|Win32
		{DACC88FF-7485-4415-BBD6-6C6A06EDAF47}.Debug|Win32.ActiveCfg = Debug|Win32
		{DACC88FF-7485-4415-BBD6-6C6A06EDAF47}.Debug|Win32.Build.0 = Debug|Win32
		{DACC88FF-7485-4415-BBD6-6C6A06EDAF47}.Debug|x64.ActiveCfg = Debug|x64
		{DACC88FF-7485-4415-BBD6-6C6A06EDAF47}.Debug|x64.Build.0 = Debug|x64
		{DACC88FF-7485-4415-BBD6-6C6A06EDAF47}.Debug|x86.ActiveCfg = Debug|Win32
		{DACC88FF-7485-4415-BBD6-6C6A06EDAF47}.Debug|x86.Build.0 = Debug|Win32
		{DACC88FF-7485-4415-BBD6-6C6A06EDAF47}.Release|ARM.ActiveCfg = Release|Win32
		{DACC88FF-7485-4415-BBD6-6C6A06EDAF47}.Release|Win32.ActiveCfg = Release|Win32
		{DACC88FF-7485-4415-BBD6-6C6A06EDAF47}.Release|Win32.Build.0 = Release|Win32
		{DACC88FF-7485-4415-BBD6-6C6A06EDAF47}.Release|x64.ActiveCfg = Release|x64
		{DACC88FF-7485-4415-BBD6-6C6A06EDAF47}.Release|x64.Build.0 = Release|x64
		{DACC88FF-7485-4415-BBD6-6C6A06EDAF47}.Release|x86.ActiveCfg = Release|Win32
		{DACC88FF-7485-4415-BBD6-6C6A06EDAF47}.Release|x86.Build.0 = Release|Win32
		{9DE39547-DF87-30C3-8A8D-6F8B0E82C1DE}.Debug|ARM.ActiveCfg = Debug|Win32
		{9DE39547-DF87-30C3-8A8D-6F8B0E82C1DE}.Debug|Win32.ActiveCfg = Debug|Win32
		{9DE39547-DF87-30C3-8A8D-6F8B0E82C1DE}.Debug|x64.ActiveCfg = Debug|x64
		{9DE39547-DF87-30C3-8A8D-6F8B0E82C1DE}.Debug|x64.Build.0 = Debug|x64
		{9DE39547-DF87-30C3-8A8D-6F8B0E82C1DE}.Debug|x86.ActiveCfg = Debug|Win32
		{9DE39547-DF87-30C3-8A8D-6F8B0E82C1DE}.Debug|x86.Build.0 = Debug|Win32
		{9DE39547-DF87-30C3-8A8D-6F8B0E82C1DE}.Release|ARM.ActiveCfg = Release|Win32
		{9DE39547-DF87-30C3-8A8D-6F8B0E82C1DE}.Release|Win32.ActiveCfg = Release|Win32
		{9DE39547-DF87-30C3-8A8D-6F8B0E82C1DE}.Release|Win32.Build.0 = Release|Win32
		{9DE39547-DF87-30C3-8A8D-6F8B0E82C1DE}.Release|x64.ActiveCfg = Release|x64
		{9DE39547-DF87-30C3-8A8D-6F8B0E82C1DE}.Release|x64.Build.0 = Release|x64
		{9DE39547-DF87-30C3-8A8D-6F8B0E82C1DE}.Release|x86.ActiveCfg = Release|Win32
		{9DE39547-DF87-30C3-8A8D-6F8B0E82C1DE}.Release|x86.Build.0 = Release|Win32
		{FEFD5547-2389-3124-9173-1880BD8207B3}.Debug|ARM.ActiveCfg = Debug|Win32
		{FEFD5547-2389-3124-9173-1880BD8207B3}.Debug|Win32.ActiveCfg = Debug|Win32
		{FEFD5547-2389-3124-9173-1880BD8207B3}.Debug|x64.ActiveCfg = Debug|x64
		{FEFD5547-2389-3124-9173-1880BD8207B3}.Debug|x64.Build.0 = Debug|x64
		{FEFD5547-2389-3124-9173-1880BD8207B3}.Debug|x86.ActiveCfg = Debug|Win32
		{FEFD5547-2389-3124-9173-1880BD8207B3}.Debug|x86.Build.0 = Debug|Win32
		{FEFD5547-2389-3124-9173-1880BD8207B3}.Release|ARM.ActiveCfg = Release|Win32
		{FEFD5547-2389-3124-9173-1880BD8207B3}.Release|Win32.ActiveCfg = Release|Win32
		{FEFD5547-2389-3124-9173-1880BD8207B3}.Release|Win32.Build.0 = Release|Win32
		{FEFD5547-2389-3124-9173-1880BD8207B3}.Release|x64.ActiveCfg = Release|x64
		{FEFD5547-2389-3124-9173-1880BD8207B3}.Release|x64.Build.0 = Release|x64
		{FEFD5547-2389-3124-9173-1880BD8207B3}.Release|x86.ActiveCfg = Release|Win32
		{FEFD5547-2389-3124-9173-1880BD8207B3}.Release|x86.Build.0 = Release|Win32
		{A2F7F500-E44E-32CE-8116-48C9518D893C}.Debug|ARM.ActiveCfg = Debug|Win32
		{A2F7F500-E44E-32CE-8116-48C9518D893C}.Debug|Win32.ActiveCfg = Debug|Win32
		{A2F7F500-E44E-32CE-8116-48C9518D893C}.Debug|x64.ActiveCfg = Debug|x64
		{A2F7F500-E44E-32CE-8116-48C9518D893C}.Debug|x64.Build.0 = Debug|x64
		{A2F7F500-E44E-32CE-8116-48C9518D893C}.Debug|x86.ActiveCfg = Debug|Win32
		{A2F7F500-E44E-32CE-8116-48C9518D893C}.Debug|x86.Build.0 = Debug|Win32
		{A2F7F500-E44E-32CE-8116-48C9518D893C}.Release|ARM.ActiveCfg = Release|Win32
		{A2F7F500-E44E-32CE-8116-48C9518D893C}.Release|Win32.ActiveCfg = Release|Win32
		{A2F7F500-E44E-32CE-8116-48C9518D893C}.Release|Win32.Build.0 = Release|Win32
		{A2F7F500-E44E-32CE-8116-48C9518D893C}.Release|x64.ActiveCfg = Release|x64
		{A2F7F500-E44E-32CE-8116-48C9518D893C}.Release|x64.Build.0 = Release|x64
		{A2F7F500-E44E-32CE-8116-48C9518D893C}.Release|x86.ActiveCfg = Release|Win32
		{A2F7F500-E44E-32CE-8116-48C9518D893C}.Release|x86.Build.0 = Release|Win32
	EndGlobalSection
	GlobalSection(SolutionProperties) = preSolution
		HideSolutionNode = FALSE
	EndGlobalSection
	GlobalSection(ExtensibilityGlobals) = postSolution
		SolutionGuid = {9FBCFC39-0709-4880-98EB-4BCC01B02FE2}
	EndGlobalSection
EndGlobal
